
Microsoft Visual Studio Solution File, Format Version 12.00
# Visual Studio Version 17
VisualStudioVersion = 17.5.2.0
MinimumVisualStudioVersion = 10.0.40219.1
Project("{9A19103F-16F7-4668-BE54-9A1E7A4F7556}") = "session2", "session2\session2.csproj", "{A13DB552-BA7B-4267-955C-493047591B3C}"
EndProject
Project("{FAE04EC0-301F-11D3-BF4B-00C04F79EFBC}") = "session2 excercises", "session2 excercises\session2 excercises.csproj", "{574B421E-88D2-4585-8CF7-55435D6FBCF5}"
EndProject
Project("{FAE04EC0-301F-11D3-BF4B-00C04F79EFBC}") = "session3", "session3\session3.csproj", "{D60FE53D-836B-463E-B48D-B184A9EE56B8}"
EndProject
Project("{FAE04EC0-301F-11D3-BF4B-00C04F79EFBC}") = "session4", "session4\session4.csproj", "{F01FAFDA-B86C-484D-B531-FA770F160BFF}"
EndProject
Project("{FAE04EC0-301F-11D3-BF4B-00C04F79EFBC}") = "cybersoft_CSharp", "cybersoft_CSharp.csproj", "{1CDD797F-3C86-4CE6-96C1-4C24F9FC84C5}"
EndProject
Project("{FAE04EC0-301F-11D3-BF4B-00C04F79EFBC}") = "session5", "session5\session5.csproj", "{57F8FC11-2762-4A59-87F0-78C9789101DF}"
EndProject
Project("{FAE04EC0-301F-11D3-BF4B-00C04F79EFBC}") = "session7", "session7\session7.csproj", "{E50F8772-BCCC-4EB5-B7FD-CD24BDCF9B0F}"
EndProject
Project("{FAE04EC0-301F-11D3-BF4B-00C04F79EFBC}") = "session6", "session6\session6.csproj", "{7C979A7D-7DF2-45F6-8BBD-E8B914031FDC}"
EndProject
Project("{FAE04EC0-301F-11D3-BF4B-00C04F79EFBC}") = "session8", "session8\session8.csproj", "{53F45773-1AB2-4505-8E81-5C7BB376B154}"
EndProject
Project("{FAE04EC0-301F-11D3-BF4B-00C04F79EFBC}") = "session9", "session9\session9.csproj", "{21853997-370F-47B0-AB3E-5670FDD858FE}"
EndProject
Project("{FAE04EC0-301F-11D3-BF4B-00C04F79EFBC}") = "session11_baitap", "session11_baitap\session11_baitap.csproj", "{63C58169-3D00-417C-8262-52C7D7DC3085}"
EndProject
Project("{FAE04EC0-301F-11D3-BF4B-00C04F79EFBC}") = "session10_kethua", "session10_kethua\session10_kethua.csproj", "{00FCEA4F-9465-411A-A3A0-AEA14D5D0E1C}"
EndProject
Project("{FAE04EC0-301F-11D3-BF4B-00C04F79EFBC}") = "session11_phudao_oop", "session11_phudao_oop\session11_phudao_oop.csproj", "{7016124F-EE2B-484E-B498-D7A4FC2A860C}"
EndProject
Project("{FAE04EC0-301F-11D3-BF4B-00C04F79EFBC}") = "session12_donggoi", "session12_donggoi\session12_donggoi.csproj", "{0B76DFF0-3F98-41FE-8ABE-C0C28BBCD951}"
EndProject
Project("{FAE04EC0-301F-11D3-BF4B-00C04F79EFBC}") = "session13 excercises", "session13 excercises\session13 excercises.csproj", "{63468D0A-72D4-4799-81EF-7D924B856E54}"
EndProject
Project("{FAE04EC0-301F-11D3-BF4B-00C04F79EFBC}") = "session13", "session13_bt_oop\session13.csproj", "{645C5EB3-EB3C-4FEE-8590-46A4A4610A38}"
EndProject
Project("{FAE04EC0-301F-11D3-BF4B-00C04F79EFBC}") = "session17_phudao_oop", "session17_phudao_oop\session17_phudao_oop.csproj", "{C279C8E0-C4A3-4103-8CAA-E7EB9490D4C4}"
EndProject
Project("{FAE04EC0-301F-11D3-BF4B-00C04F79EFBC}") = "session15 exercises", "session15 exercises\session15 exercises.csproj", "{3F1B4138-71EF-414C-A493-33E1339A3654}"
EndProject
Project("{FAE04EC0-301F-11D3-BF4B-00C04F79EFBC}") = "session15 exercises2", "session15 exercises2\session15 exercises2.csproj", "{AB0056F0-4650-4B03-BDC4-F1C02BB3E4A6}"
EndProject
Project("{FAE04EC0-301F-11D3-BF4B-00C04F79EFBC}") = "session24_bt", "session24_bt\session24_bt.csproj", "{0FE90940-3697-4C24-B60C-D7F8611212B8}"
EndProject
Project("{FAE04EC0-301F-11D3-BF4B-00C04F79EFBC}") = "session25", "session25\session25.csproj", "{5E2B912C-42B9-488B-8FFC-66EC99211332}"
EndProject
Project("{FAE04EC0-301F-11D3-BF4B-00C04F79EFBC}") = "session26_validation_component_razor", "session26_validation_component_razor\session26_validation_component_razor.csproj", "{74FB4B8E-207F-45FC-843E-36881F60EE26}"
EndProject
Project("{FAE04EC0-301F-11D3-BF4B-00C04F79EFBC}") = "session30_airbnb", "session30_airbnb\session30_airbnb.csproj", "{8E0C2DDB-BE26-49D9-9655-F8CB684E8ED6}"
EndProject
Project("{FAE04EC0-301F-11D3-BF4B-00C04F79EFBC}") = "session28_life_cycle", "session28_life_cycle\session28_life_cycle.csproj", "{356A98CD-15D4-46E6-AF06-AC1C12E7D756}"
EndProject
Project("{FAE04EC0-301F-11D3-BF4B-00C04F79EFBC}") = "session37_api", "session37_api\session37_api.csproj", "{1278AAC4-C359-4D85-B3F5-726406B41EB1}"
EndProject
Project("{FAE04EC0-301F-11D3-BF4B-00C04F79EFBC}") = "session40_50", "session40_50\session40_50.csproj", "{109CA47A-952D-4416-8870-8CE771CAA969}"
EndProject
Global
	GlobalSection(SolutionConfigurationPlatforms) = preSolution
		Debug|Any CPU = Debug|Any CPU
		Debug|x64 = Debug|x64
		Debug|x86 = Debug|x86
		Release|Any CPU = Release|Any CPU
		Release|x64 = Release|x64
		Release|x86 = Release|x86
	EndGlobalSection
	GlobalSection(ProjectConfigurationPlatforms) = postSolution
		{A13DB552-BA7B-4267-955C-493047591B3C}.Debug|Any CPU.ActiveCfg = Debug|Any CPU
		{A13DB552-BA7B-4267-955C-493047591B3C}.Debug|Any CPU.Build.0 = Debug|Any CPU
		{A13DB552-BA7B-4267-955C-493047591B3C}.Debug|x64.ActiveCfg = Debug|Any CPU
		{A13DB552-BA7B-4267-955C-493047591B3C}.Debug|x64.Build.0 = Debug|Any CPU
		{A13DB552-BA7B-4267-955C-493047591B3C}.Debug|x86.ActiveCfg = Debug|Any CPU
		{A13DB552-BA7B-4267-955C-493047591B3C}.Debug|x86.Build.0 = Debug|Any CPU
		{A13DB552-BA7B-4267-955C-493047591B3C}.Release|Any CPU.ActiveCfg = Release|Any CPU
		{A13DB552-BA7B-4267-955C-493047591B3C}.Release|Any CPU.Build.0 = Release|Any CPU
		{A13DB552-BA7B-4267-955C-493047591B3C}.Release|x64.ActiveCfg = Release|Any CPU
		{A13DB552-BA7B-4267-955C-493047591B3C}.Release|x64.Build.0 = Release|Any CPU
		{A13DB552-BA7B-4267-955C-493047591B3C}.Release|x86.ActiveCfg = Release|Any CPU
		{A13DB552-BA7B-4267-955C-493047591B3C}.Release|x86.Build.0 = Release|Any CPU
		{574B421E-88D2-4585-8CF7-55435D6FBCF5}.Debug|Any CPU.ActiveCfg = Debug|Any CPU
		{574B421E-88D2-4585-8CF7-55435D6FBCF5}.Debug|Any CPU.Build.0 = Debug|Any CPU
		{574B421E-88D2-4585-8CF7-55435D6FBCF5}.Debug|x64.ActiveCfg = Debug|Any CPU
		{574B421E-88D2-4585-8CF7-55435D6FBCF5}.Debug|x64.Build.0 = Debug|Any CPU
		{574B421E-88D2-4585-8CF7-55435D6FBCF5}.Debug|x86.ActiveCfg = Debug|Any CPU
		{574B421E-88D2-4585-8CF7-55435D6FBCF5}.Debug|x86.Build.0 = Debug|Any CPU
		{574B421E-88D2-4585-8CF7-55435D6FBCF5}.Release|Any CPU.ActiveCfg = Release|Any CPU
		{574B421E-88D2-4585-8CF7-55435D6FBCF5}.Release|Any CPU.Build.0 = Release|Any CPU
		{574B421E-88D2-4585-8CF7-55435D6FBCF5}.Release|x64.ActiveCfg = Release|Any CPU
		{574B421E-88D2-4585-8CF7-55435D6FBCF5}.Release|x64.Build.0 = Release|Any CPU
		{574B421E-88D2-4585-8CF7-55435D6FBCF5}.Release|x86.ActiveCfg = Release|Any CPU
		{574B421E-88D2-4585-8CF7-55435D6FBCF5}.Release|x86.Build.0 = Release|Any CPU
		{D60FE53D-836B-463E-B48D-B184A9EE56B8}.Debug|Any CPU.ActiveCfg = Debug|Any CPU
		{D60FE53D-836B-463E-B48D-B184A9EE56B8}.Debug|Any CPU.Build.0 = Debug|Any CPU
		{D60FE53D-836B-463E-B48D-B184A9EE56B8}.Debug|x64.ActiveCfg = Debug|Any CPU
		{D60FE53D-836B-463E-B48D-B184A9EE56B8}.Debug|x64.Build.0 = Debug|Any CPU
		{D60FE53D-836B-463E-B48D-B184A9EE56B8}.Debug|x86.ActiveCfg = Debug|Any CPU
		{D60FE53D-836B-463E-B48D-B184A9EE56B8}.Debug|x86.Build.0 = Debug|Any CPU
		{D60FE53D-836B-463E-B48D-B184A9EE56B8}.Release|Any CPU.ActiveCfg = Release|Any CPU
		{D60FE53D-836B-463E-B48D-B184A9EE56B8}.Release|Any CPU.Build.0 = Release|Any CPU
		{D60FE53D-836B-463E-B48D-B184A9EE56B8}.Release|x64.ActiveCfg = Release|Any CPU
		{D60FE53D-836B-463E-B48D-B184A9EE56B8}.Release|x64.Build.0 = Release|Any CPU
		{D60FE53D-836B-463E-B48D-B184A9EE56B8}.Release|x86.ActiveCfg = Release|Any CPU
		{D60FE53D-836B-463E-B48D-B184A9EE56B8}.Release|x86.Build.0 = Release|Any CPU
		{F01FAFDA-B86C-484D-B531-FA770F160BFF}.Debug|Any CPU.ActiveCfg = Debug|Any CPU
		{F01FAFDA-B86C-484D-B531-FA770F160BFF}.Debug|Any CPU.Build.0 = Debug|Any CPU
		{F01FAFDA-B86C-484D-B531-FA770F160BFF}.Debug|x64.ActiveCfg = Debug|Any CPU
		{F01FAFDA-B86C-484D-B531-FA770F160BFF}.Debug|x64.Build.0 = Debug|Any CPU
		{F01FAFDA-B86C-484D-B531-FA770F160BFF}.Debug|x86.ActiveCfg = Debug|Any CPU
		{F01FAFDA-B86C-484D-B531-FA770F160BFF}.Debug|x86.Build.0 = Debug|Any CPU
		{F01FAFDA-B86C-484D-B531-FA770F160BFF}.Release|Any CPU.ActiveCfg = Release|Any CPU
		{F01FAFDA-B86C-484D-B531-FA770F160BFF}.Release|Any CPU.Build.0 = Release|Any CPU
		{F01FAFDA-B86C-484D-B531-FA770F160BFF}.Release|x64.ActiveCfg = Release|Any CPU
		{F01FAFDA-B86C-484D-B531-FA770F160BFF}.Release|x64.Build.0 = Release|Any CPU
		{F01FAFDA-B86C-484D-B531-FA770F160BFF}.Release|x86.ActiveCfg = Release|Any CPU
		{F01FAFDA-B86C-484D-B531-FA770F160BFF}.Release|x86.Build.0 = Release|Any CPU
		{1CDD797F-3C86-4CE6-96C1-4C24F9FC84C5}.Debug|Any CPU.ActiveCfg = Debug|Any CPU
		{1CDD797F-3C86-4CE6-96C1-4C24F9FC84C5}.Debug|Any CPU.Build.0 = Debug|Any CPU
		{1CDD797F-3C86-4CE6-96C1-4C24F9FC84C5}.Debug|x64.ActiveCfg = Debug|Any CPU
		{1CDD797F-3C86-4CE6-96C1-4C24F9FC84C5}.Debug|x64.Build.0 = Debug|Any CPU
		{1CDD797F-3C86-4CE6-96C1-4C24F9FC84C5}.Debug|x86.ActiveCfg = Debug|Any CPU
		{1CDD797F-3C86-4CE6-96C1-4C24F9FC84C5}.Debug|x86.Build.0 = Debug|Any CPU
		{1CDD797F-3C86-4CE6-96C1-4C24F9FC84C5}.Release|Any CPU.ActiveCfg = Release|Any CPU
		{1CDD797F-3C86-4CE6-96C1-4C24F9FC84C5}.Release|Any CPU.Build.0 = Release|Any CPU
		{1CDD797F-3C86-4CE6-96C1-4C24F9FC84C5}.Release|x64.ActiveCfg = Release|Any CPU
		{1CDD797F-3C86-4CE6-96C1-4C24F9FC84C5}.Release|x64.Build.0 = Release|Any CPU
		{1CDD797F-3C86-4CE6-96C1-4C24F9FC84C5}.Release|x86.ActiveCfg = Release|Any CPU
		{1CDD797F-3C86-4CE6-96C1-4C24F9FC84C5}.Release|x86.Build.0 = Release|Any CPU
		{57F8FC11-2762-4A59-87F0-78C9789101DF}.Debug|Any CPU.ActiveCfg = Debug|Any CPU
		{57F8FC11-2762-4A59-87F0-78C9789101DF}.Debug|Any CPU.Build.0 = Debug|Any CPU
		{57F8FC11-2762-4A59-87F0-78C9789101DF}.Debug|x64.ActiveCfg = Debug|Any CPU
		{57F8FC11-2762-4A59-87F0-78C9789101DF}.Debug|x64.Build.0 = Debug|Any CPU
		{57F8FC11-2762-4A59-87F0-78C9789101DF}.Debug|x86.ActiveCfg = Debug|Any CPU
		{57F8FC11-2762-4A59-87F0-78C9789101DF}.Debug|x86.Build.0 = Debug|Any CPU
		{57F8FC11-2762-4A59-87F0-78C9789101DF}.Release|Any CPU.ActiveCfg = Release|Any CPU
		{57F8FC11-2762-4A59-87F0-78C9789101DF}.Release|Any CPU.Build.0 = Release|Any CPU
		{57F8FC11-2762-4A59-87F0-78C9789101DF}.Release|x64.ActiveCfg = Release|Any CPU
		{57F8FC11-2762-4A59-87F0-78C9789101DF}.Release|x64.Build.0 = Release|Any CPU
		{57F8FC11-2762-4A59-87F0-78C9789101DF}.Release|x86.ActiveCfg = Release|Any CPU
		{57F8FC11-2762-4A59-87F0-78C9789101DF}.Release|x86.Build.0 = Release|Any CPU
		{E50F8772-BCCC-4EB5-B7FD-CD24BDCF9B0F}.Debug|Any CPU.ActiveCfg = Debug|Any CPU
		{E50F8772-BCCC-4EB5-B7FD-CD24BDCF9B0F}.Debug|Any CPU.Build.0 = Debug|Any CPU
		{E50F8772-BCCC-4EB5-B7FD-CD24BDCF9B0F}.Debug|x64.ActiveCfg = Debug|Any CPU
		{E50F8772-BCCC-4EB5-B7FD-CD24BDCF9B0F}.Debug|x64.Build.0 = Debug|Any CPU
		{E50F8772-BCCC-4EB5-B7FD-CD24BDCF9B0F}.Debug|x86.ActiveCfg = Debug|Any CPU
		{E50F8772-BCCC-4EB5-B7FD-CD24BDCF9B0F}.Debug|x86.Build.0 = Debug|Any CPU
		{E50F8772-BCCC-4EB5-B7FD-CD24BDCF9B0F}.Release|Any CPU.ActiveCfg = Release|Any CPU
		{E50F8772-BCCC-4EB5-B7FD-CD24BDCF9B0F}.Release|Any CPU.Build.0 = Release|Any CPU
		{E50F8772-BCCC-4EB5-B7FD-CD24BDCF9B0F}.Release|x64.ActiveCfg = Release|Any CPU
		{E50F8772-BCCC-4EB5-B7FD-CD24BDCF9B0F}.Release|x64.Build.0 = Release|Any CPU
		{E50F8772-BCCC-4EB5-B7FD-CD24BDCF9B0F}.Release|x86.ActiveCfg = Release|Any CPU
		{E50F8772-BCCC-4EB5-B7FD-CD24BDCF9B0F}.Release|x86.Build.0 = Release|Any CPU
		{7C979A7D-7DF2-45F6-8BBD-E8B914031FDC}.Debug|Any CPU.ActiveCfg = Debug|Any CPU
		{7C979A7D-7DF2-45F6-8BBD-E8B914031FDC}.Debug|Any CPU.Build.0 = Debug|Any CPU
		{7C979A7D-7DF2-45F6-8BBD-E8B914031FDC}.Debug|x64.ActiveCfg = Debug|Any CPU
		{7C979A7D-7DF2-45F6-8BBD-E8B914031FDC}.Debug|x64.Build.0 = Debug|Any CPU
		{7C979A7D-7DF2-45F6-8BBD-E8B914031FDC}.Debug|x86.ActiveCfg = Debug|Any CPU
		{7C979A7D-7DF2-45F6-8BBD-E8B914031FDC}.Debug|x86.Build.0 = Debug|Any CPU
		{7C979A7D-7DF2-45F6-8BBD-E8B914031FDC}.Release|Any CPU.ActiveCfg = Release|Any CPU
		{7C979A7D-7DF2-45F6-8BBD-E8B914031FDC}.Release|Any CPU.Build.0 = Release|Any CPU
		{7C979A7D-7DF2-45F6-8BBD-E8B914031FDC}.Release|x64.ActiveCfg = Release|Any CPU
		{7C979A7D-7DF2-45F6-8BBD-E8B914031FDC}.Release|x64.Build.0 = Release|Any CPU
		{7C979A7D-7DF2-45F6-8BBD-E8B914031FDC}.Release|x86.ActiveCfg = Release|Any CPU
		{7C979A7D-7DF2-45F6-8BBD-E8B914031FDC}.Release|x86.Build.0 = Release|Any CPU
		{53F45773-1AB2-4505-8E81-5C7BB376B154}.Debug|Any CPU.ActiveCfg = Debug|Any CPU
		{53F45773-1AB2-4505-8E81-5C7BB376B154}.Debug|Any CPU.Build.0 = Debug|Any CPU
		{53F45773-1AB2-4505-8E81-5C7BB376B154}.Debug|x64.ActiveCfg = Debug|Any CPU
		{53F45773-1AB2-4505-8E81-5C7BB376B154}.Debug|x64.Build.0 = Debug|Any CPU
		{53F45773-1AB2-4505-8E81-5C7BB376B154}.Debug|x86.ActiveCfg = Debug|Any CPU
		{53F45773-1AB2-4505-8E81-5C7BB376B154}.Debug|x86.Build.0 = Debug|Any CPU
		{53F45773-1AB2-4505-8E81-5C7BB376B154}.Release|Any CPU.ActiveCfg = Release|Any CPU
		{53F45773-1AB2-4505-8E81-5C7BB376B154}.Release|Any CPU.Build.0 = Release|Any CPU
		{53F45773-1AB2-4505-8E81-5C7BB376B154}.Release|x64.ActiveCfg = Release|Any CPU
		{53F45773-1AB2-4505-8E81-5C7BB376B154}.Release|x64.Build.0 = Release|Any CPU
		{53F45773-1AB2-4505-8E81-5C7BB376B154}.Release|x86.ActiveCfg = Release|Any CPU
		{53F45773-1AB2-4505-8E81-5C7BB376B154}.Release|x86.Build.0 = Release|Any CPU
		{21853997-370F-47B0-AB3E-5670FDD858FE}.Debug|Any CPU.ActiveCfg = Debug|Any CPU
		{21853997-370F-47B0-AB3E-5670FDD858FE}.Debug|Any CPU.Build.0 = Debug|Any CPU
		{21853997-370F-47B0-AB3E-5670FDD858FE}.Debug|x64.ActiveCfg = Debug|Any CPU
		{21853997-370F-47B0-AB3E-5670FDD858FE}.Debug|x64.Build.0 = Debug|Any CPU
		{21853997-370F-47B0-AB3E-5670FDD858FE}.Debug|x86.ActiveCfg = Debug|Any CPU
		{21853997-370F-47B0-AB3E-5670FDD858FE}.Debug|x86.Build.0 = Debug|Any CPU
		{21853997-370F-47B0-AB3E-5670FDD858FE}.Release|Any CPU.ActiveCfg = Release|Any CPU
		{21853997-370F-47B0-AB3E-5670FDD858FE}.Release|Any CPU.Build.0 = Release|Any CPU
		{21853997-370F-47B0-AB3E-5670FDD858FE}.Release|x64.ActiveCfg = Release|Any CPU
		{21853997-370F-47B0-AB3E-5670FDD858FE}.Release|x64.Build.0 = Release|Any CPU
		{21853997-370F-47B0-AB3E-5670FDD858FE}.Release|x86.ActiveCfg = Release|Any CPU
		{21853997-370F-47B0-AB3E-5670FDD858FE}.Release|x86.Build.0 = Release|Any CPU
		{63C58169-3D00-417C-8262-52C7D7DC3085}.Debug|Any CPU.ActiveCfg = Debug|Any CPU
		{63C58169-3D00-417C-8262-52C7D7DC3085}.Debug|Any CPU.Build.0 = Debug|Any CPU
		{63C58169-3D00-417C-8262-52C7D7DC3085}.Debug|x64.ActiveCfg = Debug|Any CPU
		{63C58169-3D00-417C-8262-52C7D7DC3085}.Debug|x64.Build.0 = Debug|Any CPU
		{63C58169-3D00-417C-8262-52C7D7DC3085}.Debug|x86.ActiveCfg = Debug|Any CPU
		{63C58169-3D00-417C-8262-52C7D7DC3085}.Debug|x86.Build.0 = Debug|Any CPU
		{63C58169-3D00-417C-8262-52C7D7DC3085}.Release|Any CPU.ActiveCfg = Release|Any CPU
		{63C58169-3D00-417C-8262-52C7D7DC3085}.Release|Any CPU.Build.0 = Release|Any CPU
		{63C58169-3D00-417C-8262-52C7D7DC3085}.Release|x64.ActiveCfg = Release|Any CPU
		{63C58169-3D00-417C-8262-52C7D7DC3085}.Release|x64.Build.0 = Release|Any CPU
		{63C58169-3D00-417C-8262-52C7D7DC3085}.Release|x86.ActiveCfg = Release|Any CPU
		{63C58169-3D00-417C-8262-52C7D7DC3085}.Release|x86.Build.0 = Release|Any CPU
		{00FCEA4F-9465-411A-A3A0-AEA14D5D0E1C}.Debug|Any CPU.ActiveCfg = Debug|Any CPU
		{00FCEA4F-9465-411A-A3A0-AEA14D5D0E1C}.Debug|Any CPU.Build.0 = Debug|Any CPU
		{00FCEA4F-9465-411A-A3A0-AEA14D5D0E1C}.Debug|x64.ActiveCfg = Debug|Any CPU
		{00FCEA4F-9465-411A-A3A0-AEA14D5D0E1C}.Debug|x64.Build.0 = Debug|Any CPU
		{00FCEA4F-9465-411A-A3A0-AEA14D5D0E1C}.Debug|x86.ActiveCfg = Debug|Any CPU
		{00FCEA4F-9465-411A-A3A0-AEA14D5D0E1C}.Debug|x86.Build.0 = Debug|Any CPU
		{00FCEA4F-9465-411A-A3A0-AEA14D5D0E1C}.Release|Any CPU.ActiveCfg = Release|Any CPU
		{00FCEA4F-9465-411A-A3A0-AEA14D5D0E1C}.Release|Any CPU.Build.0 = Release|Any CPU
		{00FCEA4F-9465-411A-A3A0-AEA14D5D0E1C}.Release|x64.ActiveCfg = Release|Any CPU
		{00FCEA4F-9465-411A-A3A0-AEA14D5D0E1C}.Release|x64.Build.0 = Release|Any CPU
		{00FCEA4F-9465-411A-A3A0-AEA14D5D0E1C}.Release|x86.ActiveCfg = Release|Any CPU
		{00FCEA4F-9465-411A-A3A0-AEA14D5D0E1C}.Release|x86.Build.0 = Release|Any CPU
		{7016124F-EE2B-484E-B498-D7A4FC2A860C}.Debug|Any CPU.ActiveCfg = Debug|Any CPU
		{7016124F-EE2B-484E-B498-D7A4FC2A860C}.Debug|Any CPU.Build.0 = Debug|Any CPU
		{7016124F-EE2B-484E-B498-D7A4FC2A860C}.Debug|x64.ActiveCfg = Debug|Any CPU
		{7016124F-EE2B-484E-B498-D7A4FC2A860C}.Debug|x64.Build.0 = Debug|Any CPU
		{7016124F-EE2B-484E-B498-D7A4FC2A860C}.Debug|x86.ActiveCfg = Debug|Any CPU
		{7016124F-EE2B-484E-B498-D7A4FC2A860C}.Debug|x86.Build.0 = Debug|Any CPU
		{7016124F-EE2B-484E-B498-D7A4FC2A860C}.Release|Any CPU.ActiveCfg = Release|Any CPU
		{7016124F-EE2B-484E-B498-D7A4FC2A860C}.Release|Any CPU.Build.0 = Release|Any CPU
		{7016124F-EE2B-484E-B498-D7A4FC2A860C}.Release|x64.ActiveCfg = Release|Any CPU
		{7016124F-EE2B-484E-B498-D7A4FC2A860C}.Release|x64.Build.0 = Release|Any CPU
		{7016124F-EE2B-484E-B498-D7A4FC2A860C}.Release|x86.ActiveCfg = Release|Any CPU
		{7016124F-EE2B-484E-B498-D7A4FC2A860C}.Release|x86.Build.0 = Release|Any CPU
		{0B76DFF0-3F98-41FE-8ABE-C0C28BBCD951}.Debug|Any CPU.ActiveCfg = Debug|Any CPU
		{0B76DFF0-3F98-41FE-8ABE-C0C28BBCD951}.Debug|Any CPU.Build.0 = Debug|Any CPU
		{0B76DFF0-3F98-41FE-8ABE-C0C28BBCD951}.Debug|x64.ActiveCfg = Debug|Any CPU
		{0B76DFF0-3F98-41FE-8ABE-C0C28BBCD951}.Debug|x64.Build.0 = Debug|Any CPU
		{0B76DFF0-3F98-41FE-8ABE-C0C28BBCD951}.Debug|x86.ActiveCfg = Debug|Any CPU
		{0B76DFF0-3F98-41FE-8ABE-C0C28BBCD951}.Debug|x86.Build.0 = Debug|Any CPU
		{0B76DFF0-3F98-41FE-8ABE-C0C28BBCD951}.Release|Any CPU.ActiveCfg = Release|Any CPU
		{0B76DFF0-3F98-41FE-8ABE-C0C28BBCD951}.Release|Any CPU.Build.0 = Release|Any CPU
		{0B76DFF0-3F98-41FE-8ABE-C0C28BBCD951}.Release|x64.ActiveCfg = Release|Any CPU
		{0B76DFF0-3F98-41FE-8ABE-C0C28BBCD951}.Release|x64.Build.0 = Release|Any CPU
		{0B76DFF0-3F98-41FE-8ABE-C0C28BBCD951}.Release|x86.ActiveCfg = Release|Any CPU
		{0B76DFF0-3F98-41FE-8ABE-C0C28BBCD951}.Release|x86.Build.0 = Release|Any CPU
		{63468D0A-72D4-4799-81EF-7D924B856E54}.Debug|Any CPU.ActiveCfg = Debug|Any CPU
		{63468D0A-72D4-4799-81EF-7D924B856E54}.Debug|Any CPU.Build.0 = Debug|Any CPU
		{63468D0A-72D4-4799-81EF-7D924B856E54}.Debug|x64.ActiveCfg = Debug|Any CPU
		{63468D0A-72D4-4799-81EF-7D924B856E54}.Debug|x64.Build.0 = Debug|Any CPU
		{63468D0A-72D4-4799-81EF-7D924B856E54}.Debug|x86.ActiveCfg = Debug|Any CPU
		{63468D0A-72D4-4799-81EF-7D924B856E54}.Debug|x86.Build.0 = Debug|Any CPU
		{63468D0A-72D4-4799-81EF-7D924B856E54}.Release|Any CPU.ActiveCfg = Release|Any CPU
		{63468D0A-72D4-4799-81EF-7D924B856E54}.Release|Any CPU.Build.0 = Release|Any CPU
		{63468D0A-72D4-4799-81EF-7D924B856E54}.Release|x64.ActiveCfg = Release|Any CPU
		{63468D0A-72D4-4799-81EF-7D924B856E54}.Release|x64.Build.0 = Release|Any CPU
		{63468D0A-72D4-4799-81EF-7D924B856E54}.Release|x86.ActiveCfg = Release|Any CPU
		{63468D0A-72D4-4799-81EF-7D924B856E54}.Release|x86.Build.0 = Release|Any CPU
		{645C5EB3-EB3C-4FEE-8590-46A4A4610A38}.Debug|Any CPU.ActiveCfg = Debug|Any CPU
		{645C5EB3-EB3C-4FEE-8590-46A4A4610A38}.Debug|Any CPU.Build.0 = Debug|Any CPU
		{645C5EB3-EB3C-4FEE-8590-46A4A4610A38}.Debug|x64.ActiveCfg = Debug|Any CPU
		{645C5EB3-EB3C-4FEE-8590-46A4A4610A38}.Debug|x64.Build.0 = Debug|Any CPU
		{645C5EB3-EB3C-4FEE-8590-46A4A4610A38}.Debug|x86.ActiveCfg = Debug|Any CPU
		{645C5EB3-EB3C-4FEE-8590-46A4A4610A38}.Debug|x86.Build.0 = Debug|Any CPU
		{645C5EB3-EB3C-4FEE-8590-46A4A4610A38}.Release|Any CPU.ActiveCfg = Release|Any CPU
		{645C5EB3-EB3C-4FEE-8590-46A4A4610A38}.Release|Any CPU.Build.0 = Release|Any CPU
		{645C5EB3-EB3C-4FEE-8590-46A4A4610A38}.Release|x64.ActiveCfg = Release|Any CPU
		{645C5EB3-EB3C-4FEE-8590-46A4A4610A38}.Release|x64.Build.0 = Release|Any CPU
		{645C5EB3-EB3C-4FEE-8590-46A4A4610A38}.Release|x86.ActiveCfg = Release|Any CPU
		{645C5EB3-EB3C-4FEE-8590-46A4A4610A38}.Release|x86.Build.0 = Release|Any CPU
		{C279C8E0-C4A3-4103-8CAA-E7EB9490D4C4}.Debug|Any CPU.ActiveCfg = Debug|Any CPU
		{C279C8E0-C4A3-4103-8CAA-E7EB9490D4C4}.Debug|Any CPU.Build.0 = Debug|Any CPU
		{C279C8E0-C4A3-4103-8CAA-E7EB9490D4C4}.Debug|x64.ActiveCfg = Debug|Any CPU
		{C279C8E0-C4A3-4103-8CAA-E7EB9490D4C4}.Debug|x64.Build.0 = Debug|Any CPU
		{C279C8E0-C4A3-4103-8CAA-E7EB9490D4C4}.Debug|x86.ActiveCfg = Debug|Any CPU
		{C279C8E0-C4A3-4103-8CAA-E7EB9490D4C4}.Debug|x86.Build.0 = Debug|Any CPU
		{C279C8E0-C4A3-4103-8CAA-E7EB9490D4C4}.Release|Any CPU.ActiveCfg = Release|Any CPU
		{C279C8E0-C4A3-4103-8CAA-E7EB9490D4C4}.Release|Any CPU.Build.0 = Release|Any CPU
		{C279C8E0-C4A3-4103-8CAA-E7EB9490D4C4}.Release|x64.ActiveCfg = Release|Any CPU
		{C279C8E0-C4A3-4103-8CAA-E7EB9490D4C4}.Release|x64.Build.0 = Release|Any CPU
		{C279C8E0-C4A3-4103-8CAA-E7EB9490D4C4}.Release|x86.ActiveCfg = Release|Any CPU
		{C279C8E0-C4A3-4103-8CAA-E7EB9490D4C4}.Release|x86.Build.0 = Release|Any CPU
		{3F1B4138-71EF-414C-A493-33E1339A3654}.Debug|Any CPU.ActiveCfg = Debug|Any CPU
		{3F1B4138-71EF-414C-A493-33E1339A3654}.Debug|Any CPU.Build.0 = Debug|Any CPU
		{3F1B4138-71EF-414C-A493-33E1339A3654}.Debug|x64.ActiveCfg = Debug|Any CPU
		{3F1B4138-71EF-414C-A493-33E1339A3654}.Debug|x64.Build.0 = Debug|Any CPU
		{3F1B4138-71EF-414C-A493-33E1339A3654}.Debug|x86.ActiveCfg = Debug|Any CPU
		{3F1B4138-71EF-414C-A493-33E1339A3654}.Debug|x86.Build.0 = Debug|Any CPU
		{3F1B4138-71EF-414C-A493-33E1339A3654}.Release|Any CPU.ActiveCfg = Release|Any CPU
		{3F1B4138-71EF-414C-A493-33E1339A3654}.Release|Any CPU.Build.0 = Release|Any CPU
		{3F1B4138-71EF-414C-A493-33E1339A3654}.Release|x64.ActiveCfg = Release|Any CPU
		{3F1B4138-71EF-414C-A493-33E1339A3654}.Release|x64.Build.0 = Release|Any CPU
		{3F1B4138-71EF-414C-A493-33E1339A3654}.Release|x86.ActiveCfg = Release|Any CPU
		{3F1B4138-71EF-414C-A493-33E1339A3654}.Release|x86.Build.0 = Release|Any CPU
		{AB0056F0-4650-4B03-BDC4-F1C02BB3E4A6}.Debug|Any CPU.ActiveCfg = Debug|Any CPU
		{AB0056F0-4650-4B03-BDC4-F1C02BB3E4A6}.Debug|Any CPU.Build.0 = Debug|Any CPU
		{AB0056F0-4650-4B03-BDC4-F1C02BB3E4A6}.Debug|x64.ActiveCfg = Debug|Any CPU
		{AB0056F0-4650-4B03-BDC4-F1C02BB3E4A6}.Debug|x64.Build.0 = Debug|Any CPU
		{AB0056F0-4650-4B03-BDC4-F1C02BB3E4A6}.Debug|x86.ActiveCfg = Debug|Any CPU
		{AB0056F0-4650-4B03-BDC4-F1C02BB3E4A6}.Debug|x86.Build.0 = Debug|Any CPU
		{AB0056F0-4650-4B03-BDC4-F1C02BB3E4A6}.Release|Any CPU.ActiveCfg = Release|Any CPU
		{AB0056F0-4650-4B03-BDC4-F1C02BB3E4A6}.Release|Any CPU.Build.0 = Release|Any CPU
		{AB0056F0-4650-4B03-BDC4-F1C02BB3E4A6}.Release|x64.ActiveCfg = Release|Any CPU
		{AB0056F0-4650-4B03-BDC4-F1C02BB3E4A6}.Release|x64.Build.0 = Release|Any CPU
		{AB0056F0-4650-4B03-BDC4-F1C02BB3E4A6}.Release|x86.ActiveCfg = Release|Any CPU
		{AB0056F0-4650-4B03-BDC4-F1C02BB3E4A6}.Release|x86.Build.0 = Release|Any CPU
		{0FE90940-3697-4C24-B60C-D7F8611212B8}.Debug|Any CPU.ActiveCfg = Debug|Any CPU
		{0FE90940-3697-4C24-B60C-D7F8611212B8}.Debug|Any CPU.Build.0 = Debug|Any CPU
		{0FE90940-3697-4C24-B60C-D7F8611212B8}.Debug|x64.ActiveCfg = Debug|Any CPU
		{0FE90940-3697-4C24-B60C-D7F8611212B8}.Debug|x64.Build.0 = Debug|Any CPU
		{0FE90940-3697-4C24-B60C-D7F8611212B8}.Debug|x86.ActiveCfg = Debug|Any CPU
		{0FE90940-3697-4C24-B60C-D7F8611212B8}.Debug|x86.Build.0 = Debug|Any CPU
		{0FE90940-3697-4C24-B60C-D7F8611212B8}.Release|Any CPU.ActiveCfg = Release|Any CPU
		{0FE90940-3697-4C24-B60C-D7F8611212B8}.Release|Any CPU.Build.0 = Release|Any CPU
		{0FE90940-3697-4C24-B60C-D7F8611212B8}.Release|x64.ActiveCfg = Release|Any CPU
		{0FE90940-3697-4C24-B60C-D7F8611212B8}.Release|x64.Build.0 = Release|Any CPU
		{0FE90940-3697-4C24-B60C-D7F8611212B8}.Release|x86.ActiveCfg = Release|Any CPU
		{0FE90940-3697-4C24-B60C-D7F8611212B8}.Release|x86.Build.0 = Release|Any CPU
		{5E2B912C-42B9-488B-8FFC-66EC99211332}.Debug|Any CPU.ActiveCfg = Debug|Any CPU
		{5E2B912C-42B9-488B-8FFC-66EC99211332}.Debug|Any CPU.Build.0 = Debug|Any CPU
		{5E2B912C-42B9-488B-8FFC-66EC99211332}.Debug|x64.ActiveCfg = Debug|Any CPU
		{5E2B912C-42B9-488B-8FFC-66EC99211332}.Debug|x64.Build.0 = Debug|Any CPU
		{5E2B912C-42B9-488B-8FFC-66EC99211332}.Debug|x86.ActiveCfg = Debug|Any CPU
		{5E2B912C-42B9-488B-8FFC-66EC99211332}.Debug|x86.Build.0 = Debug|Any CPU
		{5E2B912C-42B9-488B-8FFC-66EC99211332}.Release|Any CPU.ActiveCfg = Release|Any CPU
		{5E2B912C-42B9-488B-8FFC-66EC99211332}.Release|Any CPU.Build.0 = Release|Any CPU
		{5E2B912C-42B9-488B-8FFC-66EC99211332}.Release|x64.ActiveCfg = Release|Any CPU
		{5E2B912C-42B9-488B-8FFC-66EC99211332}.Release|x64.Build.0 = Release|Any CPU
		{5E2B912C-42B9-488B-8FFC-66EC99211332}.Release|x86.ActiveCfg = Release|Any CPU
		{5E2B912C-42B9-488B-8FFC-66EC99211332}.Release|x86.Build.0 = Release|Any CPU
		{74FB4B8E-207F-45FC-843E-36881F60EE26}.Debug|Any CPU.ActiveCfg = Debug|Any CPU
		{74FB4B8E-207F-45FC-843E-36881F60EE26}.Debug|Any CPU.Build.0 = Debug|Any CPU
		{74FB4B8E-207F-45FC-843E-36881F60EE26}.Debug|x64.ActiveCfg = Debug|Any CPU
		{74FB4B8E-207F-45FC-843E-36881F60EE26}.Debug|x64.Build.0 = Debug|Any CPU
		{74FB4B8E-207F-45FC-843E-36881F60EE26}.Debug|x86.ActiveCfg = Debug|Any CPU
		{74FB4B8E-207F-45FC-843E-36881F60EE26}.Debug|x86.Build.0 = Debug|Any CPU
		{74FB4B8E-207F-45FC-843E-36881F60EE26}.Release|Any CPU.ActiveCfg = Release|Any CPU
		{74FB4B8E-207F-45FC-843E-36881F60EE26}.Release|Any CPU.Build.0 = Release|Any CPU
		{74FB4B8E-207F-45FC-843E-36881F60EE26}.Release|x64.ActiveCfg = Release|Any CPU
		{74FB4B8E-207F-45FC-843E-36881F60EE26}.Release|x64.Build.0 = Release|Any CPU
		{74FB4B8E-207F-45FC-843E-36881F60EE26}.Release|x86.ActiveCfg = Release|Any CPU
		{74FB4B8E-207F-45FC-843E-36881F60EE26}.Release|x86.Build.0 = Release|Any CPU
		{8E0C2DDB-BE26-49D9-9655-F8CB684E8ED6}.Debug|Any CPU.ActiveCfg = Debug|Any CPU
		{8E0C2DDB-BE26-49D9-9655-F8CB684E8ED6}.Debug|Any CPU.Build.0 = Debug|Any CPU
		{8E0C2DDB-BE26-49D9-9655-F8CB684E8ED6}.Debug|x64.ActiveCfg = Debug|Any CPU
		{8E0C2DDB-BE26-49D9-9655-F8CB684E8ED6}.Debug|x64.Build.0 = Debug|Any CPU
		{8E0C2DDB-BE26-49D9-9655-F8CB684E8ED6}.Debug|x86.ActiveCfg = Debug|Any CPU
		{8E0C2DDB-BE26-49D9-9655-F8CB684E8ED6}.Debug|x86.Build.0 = Debug|Any CPU
		{8E0C2DDB-BE26-49D9-9655-F8CB684E8ED6}.Release|Any CPU.ActiveCfg = Release|Any CPU
		{8E0C2DDB-BE26-49D9-9655-F8CB684E8ED6}.Release|Any CPU.Build.0 = Release|Any CPU
		{8E0C2DDB-BE26-49D9-9655-F8CB684E8ED6}.Release|x64.ActiveCfg = Release|Any CPU
		{8E0C2DDB-BE26-49D9-9655-F8CB684E8ED6}.Release|x64.Build.0 = Release|Any CPU
		{8E0C2DDB-BE26-49D9-9655-F8CB684E8ED6}.Release|x86.ActiveCfg = Release|Any CPU
		{8E0C2DDB-BE26-49D9-9655-F8CB684E8ED6}.Release|x86.Build.0 = Release|Any CPU
		{356A98CD-15D4-46E6-AF06-AC1C12E7D756}.Debug|Any CPU.ActiveCfg = Debug|Any CPU
		{356A98CD-15D4-46E6-AF06-AC1C12E7D756}.Debug|Any CPU.Build.0 = Debug|Any CPU
		{356A98CD-15D4-46E6-AF06-AC1C12E7D756}.Debug|x64.ActiveCfg = Debug|Any CPU
		{356A98CD-15D4-46E6-AF06-AC1C12E7D756}.Debug|x64.Build.0 = Debug|Any CPU
		{356A98CD-15D4-46E6-AF06-AC1C12E7D756}.Debug|x86.ActiveCfg = Debug|Any CPU
		{356A98CD-15D4-46E6-AF06-AC1C12E7D756}.Debug|x86.Build.0 = Debug|Any CPU
		{356A98CD-15D4-46E6-AF06-AC1C12E7D756}.Release|Any CPU.ActiveCfg = Release|Any CPU
		{356A98CD-15D4-46E6-AF06-AC1C12E7D756}.Release|Any CPU.Build.0 = Release|Any CPU
		{356A98CD-15D4-46E6-AF06-AC1C12E7D756}.Release|x64.ActiveCfg = Release|Any CPU
		{356A98CD-15D4-46E6-AF06-AC1C12E7D756}.Release|x64.Build.0 = Release|Any CPU
		{356A98CD-15D4-46E6-AF06-AC1C12E7D756}.Release|x86.ActiveCfg = Release|Any CPU
		{356A98CD-15D4-46E6-AF06-AC1C12E7D756}.Release|x86.Build.0 = Release|Any CPU
		{1278AAC4-C359-4D85-B3F5-726406B41EB1}.Debug|Any CPU.ActiveCfg = Debug|Any CPU
		{1278AAC4-C359-4D85-B3F5-726406B41EB1}.Debug|Any CPU.Build.0 = Debug|Any CPU
		{1278AAC4-C359-4D85-B3F5-726406B41EB1}.Debug|x64.ActiveCfg = Debug|Any CPU
		{1278AAC4-C359-4D85-B3F5-726406B41EB1}.Debug|x64.Build.0 = Debug|Any CPU
		{1278AAC4-C359-4D85-B3F5-726406B41EB1}.Debug|x86.ActiveCfg = Debug|Any CPU
		{1278AAC4-C359-4D85-B3F5-726406B41EB1}.Debug|x86.Build.0 = Debug|Any CPU
		{1278AAC4-C359-4D85-B3F5-726406B41EB1}.Release|Any CPU.ActiveCfg = Release|Any CPU
		{1278AAC4-C359-4D85-B3F5-726406B41EB1}.Release|Any CPU.Build.0 = Release|Any CPU
		{1278AAC4-C359-4D85-B3F5-726406B41EB1}.Release|x64.ActiveCfg = Release|Any CPU
		{1278AAC4-C359-4D85-B3F5-726406B41EB1}.Release|x64.Build.0 = Release|Any CPU
		{1278AAC4-C359-4D85-B3F5-726406B41EB1}.Release|x86.ActiveCfg = Release|Any CPU
		{1278AAC4-C359-4D85-B3F5-726406B41EB1}.Release|x86.Build.0 = Release|Any CPU
		{109CA47A-952D-4416-8870-8CE771CAA969}.Debug|Any CPU.ActiveCfg = Debug|Any CPU
		{109CA47A-952D-4416-8870-8CE771CAA969}.Debug|Any CPU.Build.0 = Debug|Any CPU
		{109CA47A-952D-4416-8870-8CE771CAA969}.Debug|x64.ActiveCfg = Debug|Any CPU
		{109CA47A-952D-4416-8870-8CE771CAA969}.Debug|x64.Build.0 = Debug|Any CPU
		{109CA47A-952D-4416-8870-8CE771CAA969}.Debug|x86.ActiveCfg = Debug|Any CPU
		{109CA47A-952D-4416-8870-8CE771CAA969}.Debug|x86.Build.0 = Debug|Any CPU
		{109CA47A-952D-4416-8870-8CE771CAA969}.Release|Any CPU.ActiveCfg = Release|Any CPU
		{109CA47A-952D-4416-8870-8CE771CAA969}.Release|Any CPU.Build.0 = Release|Any CPU
		{109CA47A-952D-4416-8870-8CE771CAA969}.Release|x64.ActiveCfg = Release|Any CPU
		{109CA47A-952D-4416-8870-8CE771CAA969}.Release|x64.Build.0 = Release|Any CPU
		{109CA47A-952D-4416-8870-8CE771CAA969}.Release|x86.ActiveCfg = Release|Any CPU
		{109CA47A-952D-4416-8870-8CE771CAA969}.Release|x86.Build.0 = Release|Any CPU
	EndGlobalSection
	GlobalSection(SolutionProperties) = preSolution
		HideSolutionNode = FALSE
	EndGlobalSection
	GlobalSection(ExtensibilityGlobals) = postSolution
		SolutionGuid = {0F916F25-1B71-423C-8995-25FD570C50B1}
	EndGlobalSection
EndGlobal
